
Microsoft Visual Studio Solution File, Format Version 12.00
# Visual Studio Version 16
VisualStudioVersion = 16.0.29006.145
MinimumVisualStudioVersion = 10.0.40219.1
Project("{FAE04EC0-301F-11D3-BF4B-00C04F79EFBC}") = "MyLeasing.Common", "MyLeasing.Common\MyLeasing.Common.csproj", "{8A1DE824-29C5-452F-B66F-60FB35216FF5}"
EndProject
Project("{FAE04EC0-301F-11D3-BF4B-00C04F79EFBC}") = "MyLeasing.Web", "MyLeasing.Web\MyLeasing.Web.csproj", "{2339F74D-D09F-469E-87D4-169C84996C3B}"
EndProject
Global
	GlobalSection(SolutionConfigurationPlatforms) = preSolution
		Debug|Any CPU = Debug|Any CPU
		Release|Any CPU = Release|Any CPU
	EndGlobalSection
	GlobalSection(ProjectConfigurationPlatforms) = postSolution
		{8A1DE824-29C5-452F-B66F-60FB35216FF5}.Debug|Any CPU.ActiveCfg = Debug|Any CPU
		{8A1DE824-29C5-452F-B66F-60FB35216FF5}.Debug|Any CPU.Build.0 = Debug|Any CPU
		{8A1DE824-29C5-452F-B66F-60FB35216FF5}.Release|Any CPU.ActiveCfg = Release|Any CPU
		{8A1DE824-29C5-452F-B66F-60FB35216FF5}.Release|Any CPU.Build.0 = Release|Any CPU
		{2339F74D-D09F-469E-87D4-169C84996C3B}.Debug|Any CPU.ActiveCfg = Debug|Any CPU
		{2339F74D-D09F-469E-87D4-169C84996C3B}.Debug|Any CPU.Build.0 = Debug|Any CPU
		{2339F74D-D09F-469E-87D4-169C84996C3B}.Release|Any CPU.ActiveCfg = Release|Any CPU
		{2339F74D-D09F-469E-87D4-169C84996C3B}.Release|Any CPU.Build.0 = Release|Any CPU
	EndGlobalSection
	GlobalSection(SolutionProperties) = preSolution
		HideSolutionNode = FALSE
	EndGlobalSection
	GlobalSection(ExtensibilityGlobals) = postSolution
		SolutionGuid = {59859CE8-BE05-4C03-9843-EC3993D2EFAD}
	EndGlobalSection
EndGlobal
